
Microsoft Visual Studio Solution File, Format Version 12.00
Project("{FAE04EC0-301F-11D3-BF4B-00C04F79EFBC}") = "Bowling", "Bowling\Bowling.csproj", "{6AC08A74-5BC9-4504-8348-025D1B6CA59C}"
EndProject
Global
	GlobalSection(SolutionConfigurationPlatforms) = preSolution
		Debug|Any CPU = Debug|Any CPU
		Release|Any CPU = Release|Any CPU
	EndGlobalSection
	GlobalSection(ProjectConfigurationPlatforms) = postSolution
		{6AC08A74-5BC9-4504-8348-025D1B6CA59C}.Debug|Any CPU.ActiveCfg = Debug|Any CPU
		{6AC08A74-5BC9-4504-8348-025D1B6CA59C}.Debug|Any CPU.Build.0 = Debug|Any CPU
		{6AC08A74-5BC9-4504-8348-025D1B6CA59C}.Release|Any CPU.ActiveCfg = Release|Any CPU
		{6AC08A74-5BC9-4504-8348-025D1B6CA59C}.Release|Any CPU.Build.0 = Release|Any CPU
	EndGlobalSection
EndGlobal
